{
  "name": "FailSalon",
  "version": "1.0.0",
  "lockfileVersion": 1,
  "requires": true,
  "dependencies": {
    "lodash": {
      "version": "4.17.5",
      "resolved": "https://registry.npmjs.org/lodash/-/lodash-4.17.5.tgz",
      "integrity": "sha512-svL3uiZf1RwhH+cWrfZn3A4+U58wbP0tGVTLQPbjplZxZ8ROD9VLuNgsRniTlLe7OlSqR79RUehXgpBW/s0IQw=="
    },
    "twitch-bot": {
      "version": "1.2.3",
      "resolved": "https://registry.npmjs.org/twitch-bot/-/twitch-bot-1.2.3.tgz",
      "integrity": "sha512-KMg+Rlu63WyWrMzFFlcwGKDhaYbHXHJMr5LJZghWZ5uw2ODFfHJ/ykZV0WHZew6lk1ccPeREmuPnjGWJJoOI6Q==",
      "requires": {
        "lodash": "4.17.5"
      }
    }
  }
}
